Microsoft Visual Studio Solution File, Format Version 11.00
# Visual Studio 2008

Project("{3FE7F943-D223-875D-1D43-427D95E65F01}") = "gjr", "Assembly-CSharp-firstpass.csproj", "{78FD6A2A-8144-004F-B685-AC8F53CE40B6}"
EndProject
Project("{3FE7F943-D223-875D-1D43-427D95E65F01}") = "gjr", "Assembly-CSharp.csproj", "{8E3B85D6-03DD-B5E0-D4B4-FD8E59B729B6}"
EndProject
Project("{3FE7F943-D223-875D-1D43-427D95E65F01}") = "gjr", "Assembly-UnityScript-firstpass.unityproj", "{588F5CEE-E960-BCBD-8744-DA3F664EC59A}"
EndProject
Global
	GlobalSection(SolutionConfigurationPlatforms) = preSolution
		Debug|Any CPU = Debug|Any CPU
		Release|Any CPU = Release|Any CPU
	EndGlobalSection
	GlobalSection(ProjectConfigurationPlatforms) = postSolution
		{78FD6A2A-8144-004F-B685-AC8F53CE40B6}.Debug|Any CPU.ActiveCfg = Debug|Any CPU
		{78FD6A2A-8144-004F-B685-AC8F53CE40B6}.Debug|Any CPU.Build.0 = Debug|Any CPU
		{78FD6A2A-8144-004F-B685-AC8F53CE40B6}.Release|Any CPU.ActiveCfg = Release|Any CPU
		{78FD6A2A-8144-004F-B685-AC8F53CE40B6}.Release|Any CPU.Build.0 = Release|Any CPU
		{8E3B85D6-03DD-B5E0-D4B4-FD8E59B729B6}.Debug|Any CPU.ActiveCfg = Debug|Any CPU
		{8E3B85D6-03DD-B5E0-D4B4-FD8E59B729B6}.Debug|Any CPU.Build.0 = Debug|Any CPU
		{8E3B85D6-03DD-B5E0-D4B4-FD8E59B729B6}.Release|Any CPU.ActiveCfg = Release|Any CPU
		{8E3B85D6-03DD-B5E0-D4B4-FD8E59B729B6}.Release|Any CPU.Build.0 = Release|Any CPU
		{588F5CEE-E960-BCBD-8744-DA3F664EC59A}.Debug|Any CPU.ActiveCfg = Debug|Any CPU
		{588F5CEE-E960-BCBD-8744-DA3F664EC59A}.Debug|Any CPU.Build.0 = Debug|Any CPU
		{588F5CEE-E960-BCBD-8744-DA3F664EC59A}.Release|Any CPU.ActiveCfg = Release|Any CPU
		{588F5CEE-E960-BCBD-8744-DA3F664EC59A}.Release|Any CPU.Build.0 = Release|Any CPU
	EndGlobalSection
	GlobalSection(SolutionProperties) = preSolution
		HideSolutionNode = FALSE
	EndGlobalSection
																								GlobalSection(MonoDevelopProperties) = preSolution
		StartupItem = Assembly-CSharp.csproj
		Policies = $0
		$0.TextStylePolicy = $1
		$1.inheritsSet = null
		$1.scope = text/x-csharp
		$0.CSharpFormattingPolicy = $2
		$2.inheritsSet = Mono
		$2.inheritsScope = text/x-csharp
		$2.scope = text/x-csharp
		$0.TextStylePolicy = $3
		$3.FileWidth = 120
		$3.TabWidth = 4
		$3.EolMarker = Unix
		$3.inheritsSet = Mono
		$3.inheritsScope = text/plain
		$3.scope = text/plain
	EndGlobalSection

EndGlobal
